
Microsoft Visual Studio Solution File, Format Version 12.00
# Visual Studio Version 17
VisualStudioVersion = 17.2.32210.308
MinimumVisualStudioVersion = 10.0.40219.1
Project("{FAE04EC0-301F-11D3-BF4B-00C04F79EFBC}") = "Authorization for Swagger", "Authorization for Swagger.csproj", "{BA99DF40-0564-4B45-9E51-E9B5D5A6792D}"
EndProject
Global
	GlobalSection(SolutionConfigurationPlatforms) = preSolution
		Debug|Any CPU = Debug|Any CPU
		Release|Any CPU = Release|Any CPU
	EndGlobalSection
	GlobalSection(ProjectConfigurationPlatforms) = postSolution
		{BA99DF40-0564-4B45-9E51-E9B5D5A6792D}.Debug|Any CPU.ActiveCfg = Debug|Any CPU
		{BA99DF40-0564-4B45-9E51-E9B5D5A6792D}.Debug|Any CPU.Build.0 = Debug|Any CPU
		{BA99DF40-0564-4B45-9E51-E9B5D5A6792D}.Release|Any CPU.ActiveCfg = Release|Any CPU
		{BA99DF40-0564-4B45-9E51-E9B5D5A6792D}.Release|Any CPU.Build.0 = Release|Any CPU
	EndGlobalSection
	GlobalSection(SolutionProperties) = preSolution
		HideSolutionNode = FALSE
	EndGlobalSection
	GlobalSection(ExtensibilityGlobals) = postSolution
		SolutionGuid = {EF833877-0188-464D-98CD-C074E0F7211B}
	EndGlobalSection
EndGlobal
